// !$*UTF8*$!
{
	archiveVersion = 1;
	classes = {
	};
	objectVersion = 55;
	objects = {

/* Begin PBXBuildFile section */
		1F15609B271EEC69004FE3C6 /* UIView+Utils.swift in Sources */ = {isa = PBXBuildFile; fileRef = 1F15609A271EEC69004FE3C6 /* UIView+Utils.swift */; };
		1F2FB8DF271EB7CE00E8D020 /* AppDelegate.swift in Sources */ = {isa = PBXBuildFile; fileRef = 1F2FB8DE271EB7CE00E8D020 /* AppDelegate.swift */; };
		1F2FB8E1271EB7CE00E8D020 /* SceneDelegate.swift in Sources */ = {isa = PBXBuildFile; fileRef = 1F2FB8E0271EB7CE00E8D020 /* SceneDelegate.swift */; };
		1F2FB8E3271EB7CE00E8D020 /* HomeViewController.swift in Sources */ = {isa = PBXBuildFile; fileRef = 1F2FB8E2271EB7CE00E8D020 /* HomeViewController.swift */; };
		1F2FB8E6271EB7CE00E8D020 /* Main.storyboard in Resources */ = {isa = PBXBuildFile; fileRef = 1F2FB8E4271EB7CE00E8D020 /* Main.storyboard */; };
		1F2FB8E9271EB7CE00E8D020 /* timerDemo.xcdatamodeld in Sources */ = {isa = PBXBuildFile; fileRef = 1F2FB8E7271EB7CE00E8D020 /* timerDemo.xcdatamodeld */; };
		1F2FB8EB271EB7D000E8D020 /* Assets.xcassets in Resources */ = {isa = PBXBuildFile; fileRef = 1F2FB8EA271EB7D000E8D020 /* Assets.xcassets */; };
		1F2FB8EE271EB7D000E8D020 /* LaunchScreen.storyboard in Resources */ = {isa = PBXBuildFile; fileRef = 1F2FB8EC271EB7D000E8D020 /* LaunchScreen.storyboard */; };
		1F2FB8F6271EB80300E8D020 /* DataInfo.swift in Sources */ = {isa = PBXBuildFile; fileRef = 1F2FB8F5271EB80300E8D020 /* DataInfo.swift */; };
		1F2FB8F8271ED91600E8D020 /* LogViewController.swift in Sources */ = {isa = PBXBuildFile; fileRef = 1F2FB8F7271ED91600E8D020 /* LogViewController.swift */; };
		1F2FB8FD271ED9FC00E8D020 /* LogDetailCell.swift in Sources */ = {isa = PBXBuildFile; fileRef = 1F2FB8FB271ED9FC00E8D020 /* LogDetailCell.swift */; };
		1F2FB8FE271ED9FC00E8D020 /* LogDetailCell.xib in Resources */ = {isa = PBXBuildFile; fileRef = 1F2FB8FC271ED9FC00E8D020 /* LogDetailCell.xib */; };
		1F709CFC271FE15000AD8CF0 /* Date+Extension.swift in Sources */ = {isa = PBXBuildFile; fileRef = 1F709CFB271FE15000AD8CF0 /* Date+Extension.swift */; };
/* End PBXBuildFile section */

/* Begin PBXFileReference section */
		1F15609A271EEC69004FE3C6 /* UIView+Utils.swift */ = {isa = PBXFileReference; fileEncoding = 4; lastKnownFileType = sourcecode.swift; path = "UIView+Utils.swift"; sourceTree = "<group>"; };
		1F2FB8DB271EB7CE00E8D020 /* timerDemo.app */ = {isa = PBXFileReference; explicitFileType = wrapper.application; includeInIndex = 0; path = timerDemo.app; sourceTree = BUILT_PRODUCTS_DIR; };
		1F2FB8DE271EB7CE00E8D020 /* AppDelegate.swift */ = {isa = PBXFileReference; lastKnownFileType = sourcecode.swift; path = AppDelegate.swift; sourceTree = "<group>"; };
		1F2FB8E0271EB7CE00E8D020 /* SceneDelegate.swift */ = {isa = PBXFileReference; lastKnownFileType = sourcecode.swift; path = SceneDelegate.swift; sourceTree = "<group>"; };
		1F2FB8E2271EB7CE00E8D020 /* HomeViewController.swift */ = {isa = PBXFileReference; lastKnownFileType = sourcecode.swift; path = HomeViewController.swift; sourceTree = "<group>"; };
		1F2FB8E5271EB7CE00E8D020 /* Base */ = {isa = PBXFileReference; lastKnownFileType = file.storyboard; name = Base; path = Base.lproj/Main.storyboard; sourceTree = "<group>"; };
		1F2FB8E8271EB7CE00E8D020 /* timerDemo.xcdatamodel */ = {isa = PBXFileReference; lastKnownFileType = wrapper.xcdatamodel; path = timerDemo.xcdatamodel; sourceTree = "<group>"; };
		1F2FB8EA271EB7D000E8D020 /* Assets.xcassets */ = {isa = PBXFileReference; lastKnownFileType = folder.assetcatalog; path = Assets.xcassets; sourceTree = "<group>"; };
		1F2FB8ED271EB7D000E8D020 /* Base */ = {isa = PBXFileReference; lastKnownFileType = file.storyboard; name = Base; path = Base.lproj/LaunchScreen.storyboard; sourceTree = "<group>"; };
		1F2FB8EF271EB7D000E8D020 /* Info.plist */ = {isa = PBXFileReference; lastKnownFileType = text.plist.xml; path = Info.plist; sourceTree = "<group>"; };
		1F2FB8F5271EB80300E8D020 /* DataInfo.swift */ = {isa = PBXFileReference; lastKnownFileType = sourcecode.swift; path = DataInfo.swift; sourceTree = "<group>"; };
		1F2FB8F7271ED91600E8D020 /* LogViewController.swift */ = {isa = PBXFileReference; lastKnownFileType = sourcecode.swift; path = LogViewController.swift; sourceTree = "<group>"; };
		1F2FB8FB271ED9FC00E8D020 /* LogDetailCell.swift */ = {isa = PBXFileReference; lastKnownFileType = sourcecode.swift; path = LogDetailCell.swift; sourceTree = "<group>"; };
		1F2FB8FC271ED9FC00E8D020 /* LogDetailCell.xib */ = {isa = PBXFileReference; lastKnownFileType = file.xib; path = LogDetailCell.xib; sourceTree = "<group>"; };
		1F709CFB271FE15000AD8CF0 /* Date+Extension.swift */ = {isa = PBXFileReference; lastKnownFileType = sourcecode.swift; path = "Date+Extension.swift"; sourceTree = "<group>"; };
/* End PBXFileReference section */

/* Begin PBXFrameworksBuildPhase section */
		1F2FB8D8271EB7CE00E8D020 /* Frameworks */ = {
			isa = PBXFrameworksBuildPhase;
			buildActionMask = 2147483647;
			files = (
			);
			runOnlyForDeploymentPostprocessing = 0;
		};
/* End PBXFrameworksBuildPhase section */

/* Begin PBXGroup section */
		1F156099271EEC3F004FE3C6 /* Resources */ = {
			isa = PBXGroup;
			children = (
				1F709CFA271FE13700AD8CF0 /* Extension */,
				1F15609C271EEC6C004FE3C6 /* UIView+Utils */,
			);
			path = Resources;
			sourceTree = "<group>";
		};
		1F15609C271EEC6C004FE3C6 /* UIView+Utils */ = {
			isa = PBXGroup;
			children = (
				1F15609A271EEC69004FE3C6 /* UIView+Utils.swift */,
			);
			path = "UIView+Utils";
			sourceTree = "<group>";
		};
		1F2FB8D2271EB7CE00E8D020 = {
			isa = PBXGroup;
			children = (
				1F2FB8DD271EB7CE00E8D020 /* timerDemo */,
				1F2FB8DC271EB7CE00E8D020 /* Products */,
			);
			sourceTree = "<group>";
		};
		1F2FB8DC271EB7CE00E8D020 /* Products */ = {
			isa = PBXGroup;
			children = (
				1F2FB8DB271EB7CE00E8D020 /* timerDemo.app */,
			);
			name = Products;
			sourceTree = "<group>";
		};
		1F2FB8DD271EB7CE00E8D020 /* timerDemo */ = {
			isa = PBXGroup;
			children = (
				1F709CFD271FE2EC00AD8CF0 /* DataBase Helper */,
				1F156099271EEC3F004FE3C6 /* Resources */,
				1F2FB8F9271ED9C500E8D020 /* ViewController */,
				1F2FB8DE271EB7CE00E8D020 /* AppDelegate.swift */,
				1F2FB8E0271EB7CE00E8D020 /* SceneDelegate.swift */,
				1F2FB8E4271EB7CE00E8D020 /* Main.storyboard */,
				1F2FB8EA271EB7D000E8D020 /* Assets.xcassets */,
				1F2FB8EC271EB7D000E8D020 /* LaunchScreen.storyboard */,
				1F2FB8EF271EB7D000E8D020 /* Info.plist */,
				1F2FB8E7271EB7CE00E8D020 /* timerDemo.xcdatamodeld */,
			);
			path = timerDemo;
			sourceTree = "<group>";
		};
		1F2FB8F9271ED9C500E8D020 /* ViewController */ = {
			isa = PBXGroup;
			children = (
				1F2FB8FA271ED9DC00E8D020 /* TableView Cell */,
				1F2FB8E2271EB7CE00E8D020 /* HomeViewController.swift */,
				1F2FB8F7271ED91600E8D020 /* LogViewController.swift */,
			);
			path = ViewController;
			sourceTree = "<group>";
		};
		1F2FB8FA271ED9DC00E8D020 /* TableView Cell */ = {
			isa = PBXGroup;
			children = (
				1F2FB8FB271ED9FC00E8D020 /* LogDetailCell.swift */,
				1F2FB8FC271ED9FC00E8D020 /* LogDetailCell.xib */,
			);
			path = "TableView Cell";
			sourceTree = "<group>";
		};
		1F709CFA271FE13700AD8CF0 /* Extension */ = {
			isa = PBXGroup;
			children = (
				1F709CFB271FE15000AD8CF0 /* Date+Extension.swift */,
			);
			path = Extension;
			sourceTree = "<group>";
		};
		1F709CFD271FE2EC00AD8CF0 /* DataBase Helper */ = {
			isa = PBXGroup;
			children = (
				1F2FB8F5271EB80300E8D020 /* DataInfo.swift */,
			);
			path = "DataBase Helper";
			sourceTree = "<group>";
		};
/* End PBXGroup section */

/* Begin PBXNativeTarget section */
		1F2FB8DA271EB7CE00E8D020 /* timerDemo */ = {
			isa = PBXNativeTarget;
			buildConfigurationList = 1F2FB8F2271EB7D000E8D020 /* Build configuration list for PBXNativeTarget "timerDemo" */;
			buildPhases = (
				1F2FB8D7271EB7CE00E8D020 /* Sources */,
				1F2FB8D8271EB7CE00E8D020 /* Frameworks */,
				1F2FB8D9271EB7CE00E8D020 /* Resources */,
			);
			buildRules = (
			);
			dependencies = (
			);
			name = timerDemo;
			productName = timerDemo;
			productReference = 1F2FB8DB271EB7CE00E8D020 /* timerDemo.app */;
			productType = "com.apple.product-type.application";
		};
/* End PBXNativeTarget section */

/* Begin PBXProject section */
		1F2FB8D3271EB7CE00E8D020 /* Project object */ = {
			isa = PBXProject;
			attributes = {
				BuildIndependentTargetsInParallel = 1;
				LastSwiftUpdateCheck = 1300;
				LastUpgradeCheck = 1300;
				TargetAttributes = {
					1F2FB8DA271EB7CE00E8D020 = {
						CreatedOnToolsVersion = 13.0;
					};
				};
			};
			buildConfigurationList = 1F2FB8D6271EB7CE00E8D020 /* Build configuration list for PBXProject "timerDemo" */;
			compatibilityVersion = "Xcode 13.0";
			developmentRegion = en;
			hasScannedForEncodings = 0;
			knownRegions = (
				en,
				Base,
			);
			mainGroup = 1F2FB8D2271EB7CE00E8D020;
			productRefGroup = 1F2FB8DC271EB7CE00E8D020 /* Products */;
			projectDirPath = "";
			projectRoot = "";
			targets = (
				1F2FB8DA271EB7CE00E8D020 /* timerDemo */,
			);
		};
/* End PBXProject section */

/* Begin PBXResourcesBuildPhase section */
		1F2FB8D9271EB7CE00E8D020 /* Resources */ = {
			isa = PBXResourcesBuildPhase;
			buildActionMask = 2147483647;
			files = (
				1F2FB8EE271EB7D000E8D020 /* LaunchScreen.storyboard in Resources */,
				1F2FB8EB271EB7D000E8D020 /* Assets.xcassets in Resources */,
				1F2FB8E6271EB7CE00E8D020 /* Main.storyboard in Resources */,
				1F2FB8FE271ED9FC00E8D020 /* LogDetailCell.xib in Resources */,
			);
			runOnlyForDeploymentPostprocessing = 0;
		};
/* End PBXResourcesBuildPhase section */

/* Begin PBXSourcesBuildPhase section */
		1F2FB8D7271EB7CE00E8D020 /* Sources */ = {
			isa = PBXSourcesBuildPhase;
			buildActionMask = 2147483647;
			files = (
				1F2FB8E9271EB7CE00E8D020 /* timerDemo.xcdatamodeld in Sources */,
				1F2FB8FD271ED9FC00E8D020 /* LogDetailCell.swift in Sources */,
				1F15609B271EEC69004FE3C6 /* UIView+Utils.swift in Sources */,
				1F2FB8F8271ED91600E8D020 /* LogViewController.swift in Sources */,
				1F2FB8E3271EB7CE00E8D020 /* HomeViewController.swift in Sources */,
				1F2FB8DF271EB7CE00E8D020 /* AppDelegate.swift in Sources */,
				1F2FB8E1271EB7CE00E8D020 /* SceneDelegate.swift in Sources */,
				1F2FB8F6271EB80300E8D020 /* DataInfo.swift in Sources */,
				1F709CFC271FE15000AD8CF0 /* Date+Extension.swift in Sources */,
			);
			runOnlyForDeploymentPostprocessing = 0;
		};
/* End PBXSourcesBuildPhase section */

/* Begin PBXVariantGroup section */
		1F2FB8E4271EB7CE00E8D020 /* Main.storyboard */ = {
			isa = PBXVariantGroup;
			children = (
				1F2FB8E5271EB7CE00E8D020 /* Base */,
			);
			name = Main.storyboard;
			sourceTree = "<group>";
		};
		1F2FB8EC271EB7D000E8D020 /* LaunchScreen.storyboard */ = {
			isa = PBXVariantGroup;
			children = (
				1F2FB8ED271EB7D000E8D020 /* Base */,
			);
			name = LaunchScreen.storyboard;
			sourceTree = "<group>";
		};
/* End PBXVariantGroup section */

/* Begin XCBuildConfiguration section */
		1F2FB8F0271EB7D000E8D020 /* Debug */ = {
			isa = XCBuildConfiguration;
			buildSettings = {
				ALWAYS_SEARCH_USER_PATHS = NO;
				CLANG_ANALYZER_NONNULL = YES;
				CLANG_ANALYZER_NUMBER_OBJECT_CONVERSION = YES_AGGRESSIVE;
				CLANG_CXX_LANGUAGE_STANDARD = "gnu++17";
				CLANG_CXX_LIBRARY = "libc++";
				CLANG_ENABLE_MODULES = YES;
				CLANG_ENABLE_OBJC_ARC = YES;
				CLANG_ENABLE_OBJC_WEAK = YES;
				CLANG_WARN_BLOCK_CAPTURE_AUTORELEASING = YES;
				CLANG_WARN_BOOL_CONVERSION = YES;
				CLANG_WARN_COMMA = YES;
				CLANG_WARN_CONSTANT_CONVERSION = YES;
				CLANG_WARN_DEPRECATED_OBJC_IMPLEMENTATIONS = YES;
				CLANG_WARN_DIRECT_OBJC_ISA_USAGE = YES_ERROR;
				CLANG_WARN_DOCUMENTATION_COMMENTS = YES;
				CLANG_WARN_EMPTY_BODY = YES;
				CLANG_WARN_ENUM_CONVERSION = YES;
				CLANG_WARN_INFINITE_RECURSION = YES;
				CLANG_WARN_INT_CONVERSION = YES;
				CLANG_WARN_NON_LITERAL_NULL_CONVERSION = YES;
				CLANG_WARN_OBJC_IMPLICIT_RETAIN_SELF = YES;
				CLANG_WARN_OBJC_LITERAL_CONVERSION = YES;
				CLANG_WARN_OBJC_ROOT_CLASS = YES_ERROR;
				CLANG_WARN_QUOTED_INCLUDE_IN_FRAMEWORK_HEADER = YES;
				CLANG_WARN_RANGE_LOOP_ANALYSIS = YES;
				CLANG_WARN_STRICT_PROTOTYPES = YES;
				CLANG_WARN_SUSPICIOUS_MOVE = YES;
				CLANG_WARN_UNGUARDED_AVAILABILITY = YES_AGGRESSIVE;
				CLANG_WARN_UNREACHABLE_CODE = YES;
				CLANG_WARN__DUPLICATE_METHOD_MATCH = YES;
				COPY_PHASE_STRIP = NO;
				DEBUG_INFORMATION_FORMAT = dwarf;
				ENABLE_STRICT_OBJC_MSGSEND = YES;
				ENABLE_TESTABILITY = YES;
				GCC_C_LANGUAGE_STANDARD = gnu11;
				GCC_DYNAMIC_NO_PIC = NO;
				GCC_NO_COMMON_BLOCKS = YES;
				GCC_OPTIMIZATION_LEVEL = 0;
				GCC_PREPROCESSOR_DEFINITIONS = (
					"DEBUG=1",
					"$(inherited)",
				);
				GCC_WARN_64_TO_32_BIT_CONVERSION = YES;
				GCC_WARN_ABOUT_RETURN_TYPE = YES_ERROR;
				GCC_WARN_UNDECLARED_SELECTOR = YES;
				GCC_WARN_UNINITIALIZED_AUTOS = YES_AGGRESSIVE;
				GCC_WARN_UNUSED_FUNCTION = YES;
				GCC_WARN_UNUSED_VARIABLE = YES;
				IPHONEOS_DEPLOYMENT_TARGET = 15.0;
				MTL_ENABLE_DEBUG_INFO = INCLUDE_SOURCE;
				MTL_FAST_MATH = YES;
				ONLY_ACTIVE_ARCH = YES;
				SDKROOT = iphoneos;
				SWIFT_ACTIVE_COMPILATION_CONDITIONS = DEBUG;
				SWIFT_OPTIMIZATION_LEVEL = "-Onone";
			};
			name = Debug;
		};
		1F2FB8F1271EB7D000E8D020 /* Release */ = {
			isa = XCBuildConfiguration;
			buildSettings = {
				ALWAYS_SEARCH_USER_PATHS = NO;
				CLANG_ANALYZER_NONNULL = YES;
				CLANG_ANALYZER_NUMBER_OBJECT_CONVERSION = YES_AGGRESSIVE;
				CLANG_CXX_LANGUAGE_STANDARD = "gnu++17";
				CLANG_CXX_LIBRARY = "libc++";
				CLANG_ENABLE_MODULES = YES;
				CLANG_ENABLE_OBJC_ARC = YES;
				CLANG_ENABLE_OBJC_WEAK = YES;
				CLANG_WARN_BLOCK_CAPTURE_AUTORELEASING = YES;
				CLANG_WARN_BOOL_CONVERSION = YES;
				CLANG_WARN_COMMA = YES;
				CLANG_WARN_CONSTANT_CONVERSION = YES;
				CLANG_WARN_DEPRECATED_OBJC_IMPLEMENTATIONS = YES;
				CLANG_WARN_DIRECT_OBJC_ISA_USAGE = YES_ERROR;
				CLANG_WARN_DOCUMENTATION_COMMENTS = YES;
				CLANG_WARN_EMPTY_BODY = YES;
				CLANG_WARN_ENUM_CONVERSION = YES;
				CLANG_WARN_INFINITE_RECURSION = YES;
				CLANG_WARN_INT_CONVERSION = YES;
				CLANG_WARN_NON_LITERAL_NULL_CONVERSION = YES;
				CLANG_WARN_OBJC_IMPLICIT_RETAIN_SELF = YES;
				CLANG_WARN_OBJC_LITERAL_CONVERSION = YES;
				CLANG_WARN_OBJC_ROOT_CLASS = YES_ERROR;
				CLANG_WARN_QUOTED_INCLUDE_IN_FRAMEWORK_HEADER = YES;
				CLANG_WARN_RANGE_LOOP_ANALYSIS = YES;
				CLANG_WARN_STRICT_PROTOTYPES = YES;
				CLANG_WARN_SUSPICIOUS_MOVE = YES;
				CLANG_WARN_UNGUARDED_AVAILABILITY = YES_AGGRESSIVE;
				CLANG_WARN_UNREACHABLE_CODE = YES;
				CLANG_WARN__DUPLICATE_METHOD_MATCH = YES;
				COPY_PHASE_STRIP = NO;
				DEBUG_INFORMATION_FORMAT = "dwarf-with-dsym";
				ENABLE_NS_ASSERTIONS = NO;
				ENABLE_STRICT_OBJC_MSGSEND = YES;
				GCC_C_LANGUAGE_STANDARD = gnu11;
				GCC_NO_COMMON_BLOCKS = YES;
				GCC_WARN_64_TO_32_BIT_CONVERSION = YES;
				GCC_WARN_ABOUT_RETURN_TYPE = YES_ERROR;
				GCC_WARN_UNDECLARED_SELECTOR = YES;
				GCC_WARN_UNINITIALIZED_AUTOS = YES_AGGRESSIVE;
				GCC_WARN_UNUSED_FUNCTION = YES;
				GCC_WARN_UNUSED_VARIABLE = YES;
				IPHONEOS_DEPLOYMENT_TARGET = 15.0;
				MTL_ENABLE_DEBUG_INFO = NO;
				MTL_FAST_MATH = YES;
				SDKROOT = iphoneos;
				SWIFT_COMPILATION_MODE = wholemodule;
				SWIFT_OPTIMIZATION_LEVEL = "-O";
				VALIDATE_PRODUCT = YES;
			};
			name = Release;
		};
		1F2FB8F3271EB7D000E8D020 /* Debug */ = {
			isa = XCBuildConfiguration;
			buildSettings = {
				ASSETCATALOG_COMPILER_APPICON_NAME = AppIcon;
				ASSETCATALOG_COMPILER_GLOBAL_ACCENT_COLOR_NAME = AccentColor;
				CODE_SIGN_STYLE = Automatic;
				CURRENT_PROJECT_VERSION = 1;
				GENERATE_INFOPLIST_FILE = YES;
				INFOPLIST_FILE = timerDemo/Info.plist;
				INFOPLIST_KEY_UIApplicationSupportsIndirectInputEvents = YES;
				INFOPLIST_KEY_UILaunchStoryboardName = LaunchScreen;
				INFOPLIST_KEY_UIMainStoryboardFile = Main;
				INFOPLIST_KEY_UISupportedInterfaceOrientations_iPad = "UIInterfaceOrientationPortrait UIInterfaceOrientationPortraitUpsideDown UIInterfaceOrientationLandscapeLeft UIInterfaceOrientationLandscapeRight";
				INFOPLIST_KEY_UISupportedInterfaceOrientations_iPhone = "UIInterfaceOrientationPortrait UIInterfaceOrientationLandscapeLeft UIInterfaceOrientationLandscapeRight";
				LD_RUNPATH_SEARCH_PATHS = (
					"$(inherited)",
					"@executable_path/Frameworks",
				);
				MARKETING_VERSION = 1.0;
				PRODUCT_BUNDLE_IDENTIFIER = com.espark.timerDemo;
				PRODUCT_NAME = "$(TARGET_NAME)";
				SWIFT_EMIT_LOC_STRINGS = YES;
				SWIFT_VERSION = 5.0;
				TARGETED_DEVICE_FAMILY = 1;
			};
			name = Debug;
		};
		1F2FB8F4271EB7D000E8D020 /* Release */ = {
			isa = XCBuildConfiguration;
			buildSettings = {
				ASSETCATALOG_COMPILER_APPICON_NAME = AppIcon;
				ASSETCATALOG_COMPILER_GLOBAL_ACCENT_COLOR_NAME = AccentColor;
				CODE_SIGN_STYLE = Automatic;
				CURRENT_PROJECT_VERSION = 1;
				GENERATE_INFOPLIST_FILE = YES;
				INFOPLIST_FILE = timerDemo/Info.plist;
				INFOPLIST_KEY_UIApplicationSupportsIndirectInputEvents = YES;
				INFOPLIST_KEY_UILaunchStoryboardName = LaunchScreen;
				INFOPLIST_KEY_UIMainStoryboardFile = Main;
				INFOPLIST_KEY_UISupportedInterfaceOrientations_iPad = "UIInterfaceOrientationPortrait UIInterfaceOrientationPortraitUpsideDown UIInterfaceOrientationLandscapeLeft UIInterfaceOrientationLandscapeRight";
				INFOPLIST_KEY_UISupportedInterfaceOrientations_iPhone = "UIInterfaceOrientationPortrait UIInterfaceOrientationLandscapeLeft UIInterfaceOrientationLandscapeRight";
				LD_RUNPATH_SEARCH_PATHS = (
					"$(inherited)",
					"@executable_path/Frameworks",
				);
				MARKETING_VERSION = 1.0;
				PRODUCT_BUNDLE_IDENTIFIER = com.espark.timerDemo;
				PRODUCT_NAME = "$(TARGET_NAME)";
				SWIFT_EMIT_LOC_STRINGS = YES;
				SWIFT_VERSION = 5.0;
				TARGETED_DEVICE_FAMILY = 1;
			};
			name = Release;
		};
/* End XCBuildConfiguration section */

/* Begin XCConfigurationList section */
		1F2FB8D6271EB7CE00E8D020 /* Build configuration list for PBXProject "timerDemo" */ = {
			isa = XCConfigurationList;
			buildConfigurations = (
				1F2FB8F0271EB7D000E8D020 /* Debug */,
				1F2FB8F1271EB7D000E8D020 /* Release */,
			);
			defaultConfigurationIsVisible = 0;
			defaultConfigurationName = Release;
		};
		1F2FB8F2271EB7D000E8D020 /* Build configuration list for PBXNativeTarget "timerDemo" */ = {
			isa = XCConfigurationList;
			buildConfigurations = (
				1F2FB8F3271EB7D000E8D020 /* Debug */,
				1F2FB8F4271EB7D000E8D020 /* Release */,
			);
			defaultConfigurationIsVisible = 0;
			defaultConfigurationName = Release;
		};
/* End XCConfigurationList section */

/* Begin XCVersionGroup section */
		1F2FB8E7271EB7CE00E8D020 /* timerDemo.xcdatamodeld */ = {
			isa = XCVersionGroup;
			children = (
				1F2FB8E8271EB7CE00E8D020 /* timerDemo.xcdatamodel */,
			);
			currentVersion = 1F2FB8E8271EB7CE00E8D020 /* timerDemo.xcdatamodel */;
			path = timerDemo.xcdatamodeld;
			sourceTree = "<group>";
			versionGroupType = wrapper.xcdatamodel;
		};
/* End XCVersionGroup section */
	};
	rootObject = 1F2FB8D3271EB7CE00E8D020 /* Project object */;
}
